<?xml version="1.0" encoding="UTF-8"?>
<Solution>
	<Configurations>
		<BuildType Name="Debug"/>
		<BuildType Name="Release"/>
		<BuildType Name="MinSizeRel"/>
		<BuildType Name="RelWithDebInfo"/>
		<Platform Name="x64"/>
	</Configurations>
	<Project Path="ALL_BUILD.vcxproj" Type="8bc9ceb8-8b4a-11d0-8d11-00a0c91bc942" Id="430c7a4e-7848-3598-b867-237b2d6834b6" DefaultStartup="true">
		<BuildDependency Project="ZERO_CHECK.vcxproj"/>
		<BuildDependency Project="check_canvas_compound.vcxproj"/>
		<BuildDependency Project="check_canvas_union.vcxproj"/>
		<BuildDependency Project="check_field_union.vcxproj"/>
		<BuildDependency Project="incubator.vcxproj"/>
		<BuildDependency Project="incubator_backup.vcxproj"/>
		<BuildDependency Project="incubator_dual.vcxproj"/>
		<BuildDependency Project="probe_canvas.vcxproj"/>
		<BuildDependency Project="the_lab.vcxproj"/>
		<Build Solution="Debug|*" Project="false"/>
		<Build Solution="Release|*" Project="false"/>
		<Build Solution="MinSizeRel|*" Project="false"/>
		<Build Solution="RelWithDebInfo|*" Project="false"/>
	</Project>
	<Project Path="ZERO_CHECK.vcxproj" Type="8bc9ceb8-8b4a-11d0-8d11-00a0c91bc942" Id="a8f0f839-a390-3c06-a46c-5e75cc39a7ea"/>
	<Project Path="check_canvas_compound.vcxproj" Type="8bc9ceb8-8b4a-11d0-8d11-00a0c91bc942" Id="7ce031ed-d7e7-3e70-8ee4-147e2242758b">
		<BuildDependency Project="ZERO_CHECK.vcxproj"/>
	</Project>
	<Project Path="check_canvas_union.vcxproj" Type="8bc9ceb8-8b4a-11d0-8d11-00a0c91bc942" Id="122afd62-6127-3600-8575-195e0bb18162">
		<BuildDependency Project="ZERO_CHECK.vcxproj"/>
	</Project>
	<Project Path="check_field_union.vcxproj" Type="8bc9ceb8-8b4a-11d0-8d11-00a0c91bc942" Id="3fa8ca44-5e3d-3770-8859-e3b1e4198a8d">
		<BuildDependency Project="ZERO_CHECK.vcxproj"/>
	</Project>
	<Project Path="incubator.vcxproj" Type="8bc9ceb8-8b4a-11d0-8d11-00a0c91bc942" Id="56512dff-50af-3c23-a6b7-63780630a8d6">
		<BuildDependency Project="ZERO_CHECK.vcxproj"/>
	</Project>
	<Project Path="incubator_backup.vcxproj" Type="8bc9ceb8-8b4a-11d0-8d11-00a0c91bc942" Id="ccab0fee-c9d7-3cf0-b316-9257c0d7073d">
		<BuildDependency Project="ZERO_CHECK.vcxproj"/>
	</Project>
	<Project Path="incubator_dual.vcxproj" Type="8bc9ceb8-8b4a-11d0-8d11-00a0c91bc942" Id="bac63e0a-3644-3f50-bef5-b08a76426fcd">
		<BuildDependency Project="ZERO_CHECK.vcxproj"/>
	</Project>
	<Project Path="probe_canvas.vcxproj" Type="8bc9ceb8-8b4a-11d0-8d11-00a0c91bc942" Id="bbd47db9-2a7e-3911-9fa6-f0b00d474a0d">
		<BuildDependency Project="ZERO_CHECK.vcxproj"/>
	</Project>
	<Project Path="the_lab.vcxproj" Type="8bc9ceb8-8b4a-11d0-8d11-00a0c91bc942" Id="45237f63-9761-3a79-901c-91ad42d5b675">
		<BuildDependency Project="ZERO_CHECK.vcxproj"/>
	</Project>
</Solution>
