<?xml version="1.0" encoding="utf-8"?>
<Project ToolsVersion="18.0" xmlns="http://schemas.microsoft.com/developer/msbuild/2003">
  <ItemGroup>
    <ClCompile Include="C:\dev\7t\src\incubator_dual.cpp">
      <Filter>Source Files</Filter>
    </ClCompile>
    <ClCompile Include="C:\dev\7t\src\external\stb_image.cpp">
      <Filter>Source Files</Filter>
    </ClCompile>
    <ClCompile Include="C:\dev\7t\src\external\RtMidi.cpp">
      <Filter>Source Files</Filter>
    </ClCompile>
  </ItemGroup>
  <ItemGroup>
    <ClInclude Include="C:\dev\7t\src\cartridges\backup_board\cartridge.hpp">
      <Filter>Render Cartridge</Filter>
    </ClInclude>
    <ClInclude Include="C:\dev\7t\src\cartridges\backup_board\renderer.hpp">
      <Filter>Render Cartridge</Filter>
    </ClInclude>
    <ClInclude Include="C:\dev\7t\src\cartridges\backup_board\state.hpp">
      <Filter>Render Cartridge</Filter>
    </ClInclude>
    <ClInclude Include="C:\dev\7t\src\analysis\canvas_1\canvas.hpp">
      <Filter>Analysis Cartridge</Filter>
    </ClInclude>
  </ItemGroup>
  <ItemGroup>
    <CustomBuild Include="C:\dev\7t\CMakeLists.txt" />
  </ItemGroup>
  <ItemGroup>
    <Filter Include="Analysis Cartridge">
      <UniqueIdentifier>{E4F0E440-3129-387A-B622-EE034CE687C5}</UniqueIdentifier>
    </Filter>
    <Filter Include="Render Cartridge">
      <UniqueIdentifier>{F070694B-8BF9-33FF-B8BA-DEDB685FA760}</UniqueIdentifier>
    </Filter>
    <Filter Include="Source Files">
      <UniqueIdentifier>{CD867D9D-0724-3C59-A7FA-647D7D10961D}</UniqueIdentifier>
    </Filter>
  </ItemGroup>
</Project>
