<?xml version="1.0" encoding="utf-8"?>
<Project ToolsVersion="18.0" xmlns="http://schemas.microsoft.com/developer/msbuild/2003">
  <ItemGroup>
    <ClCompile Include="C:\dev\7t\src\incubator.cpp">
      <Filter>Source Files</Filter>
    </ClCompile>
    <ClCompile Include="C:\dev\7t\src\external\stb_image.cpp">
      <Filter>Source Files</Filter>
    </ClCompile>
    <ClCompile Include="C:\dev\7t\src\external\RtMidi.cpp">
      <Filter>Source Files</Filter>
    </ClCompile>
  </ItemGroup>
  <ItemGroup>
    <ClInclude Include="C:\dev\7t\src\cartridges\the_chord\cartridge.hpp">
      <Filter>Render Cartridge</Filter>
    </ClInclude>
    <ClInclude Include="C:\dev\7t\src\cartridges\the_chord\modules\agents.inl">
      <Filter>Render Cartridge\modules</Filter>
    </ClInclude>
    <ClInclude Include="C:\dev\7t\src\cartridges\the_chord\modules\cube_behaviors.inl">
      <Filter>Render Cartridge\modules</Filter>
    </ClInclude>
    <ClInclude Include="C:\dev\7t\src\cartridges\the_chord\modules\entities.inl">
      <Filter>Render Cartridge\modules</Filter>
    </ClInclude>
    <ClInclude Include="C:\dev\7t\src\cartridges\the_chord\modules\entity_pipeline.inl">
      <Filter>Render Cartridge\modules</Filter>
    </ClInclude>
    <ClInclude Include="C:\dev\7t\src\cartridges\the_chord\modules\entity_types.inl">
      <Filter>Render Cartridge\modules</Filter>
    </ClInclude>
    <ClInclude Include="C:\dev\7t\src\cartridges\the_chord\modules\floater_vocabulary.inl">
      <Filter>Render Cartridge\modules</Filter>
    </ClInclude>
    <ClInclude Include="C:\dev\7t\src\cartridges\the_chord\modules\gallery.inl">
      <Filter>Render Cartridge\modules</Filter>
    </ClInclude>
    <ClInclude Include="C:\dev\7t\src\cartridges\the_chord\modules\gol_zones.inl">
      <Filter>Render Cartridge\modules</Filter>
    </ClInclude>
    <ClInclude Include="C:\dev\7t\src\cartridges\the_chord\modules\ground_architecture.inl">
      <Filter>Render Cartridge\modules</Filter>
    </ClInclude>
    <ClInclude Include="C:\dev\7t\src\cartridges\the_chord\modules\input.inl">
      <Filter>Render Cartridge\modules</Filter>
    </ClInclude>
    <ClInclude Include="C:\dev\7t\src\cartridges\the_chord\modules\mood.inl">
      <Filter>Render Cartridge\modules</Filter>
    </ClInclude>
    <ClInclude Include="C:\dev\7t\src\cartridges\the_chord\modules\orbs.inl">
      <Filter>Render Cartridge\modules</Filter>
    </ClInclude>
    <ClInclude Include="C:\dev\7t\src\cartridges\the_chord\modules\pawn.inl">
      <Filter>Render Cartridge\modules</Filter>
    </ClInclude>
    <ClInclude Include="C:\dev\7t\src\cartridges\the_chord\modules\render_passes.inl">
      <Filter>Render Cartridge\modules</Filter>
    </ClInclude>
    <ClInclude Include="C:\dev\7t\src\cartridges\the_chord\modules\ribbon.inl">
      <Filter>Render Cartridge\modules</Filter>
    </ClInclude>
    <ClInclude Include="C:\dev\7t\src\cartridges\the_chord\modules\seed_utils.inl">
      <Filter>Render Cartridge\modules</Filter>
    </ClInclude>
    <ClInclude Include="C:\dev\7t\src\cartridges\the_chord\modules\spawn_engine.inl">
      <Filter>Render Cartridge\modules</Filter>
    </ClInclude>
    <ClInclude Include="C:\dev\7t\src\cartridges\the_chord\renderer.hpp">
      <Filter>Render Cartridge</Filter>
    </ClInclude>
    <ClInclude Include="C:\dev\7t\src\cartridges\the_chord\state.hpp">
      <Filter>Render Cartridge</Filter>
    </ClInclude>
    <ClInclude Include="C:\dev\7t\src\analysis\canvas_1\canvas.hpp">
      <Filter>Analysis Cartridge</Filter>
    </ClInclude>
  </ItemGroup>
  <ItemGroup>
    <CustomBuild Include="C:\dev\7t\CMakeLists.txt" />
  </ItemGroup>
  <ItemGroup>
    <None Include="C:\dev\7t\src\cartridges\the_chord\world.wgsl">
      <Filter>Render Cartridge</Filter>
    </None>
  </ItemGroup>
  <ItemGroup>
    <Filter Include="Analysis Cartridge">
      <UniqueIdentifier>{E4F0E440-3129-387A-B622-EE034CE687C5}</UniqueIdentifier>
    </Filter>
    <Filter Include="Render Cartridge">
      <UniqueIdentifier>{F070694B-8BF9-33FF-B8BA-DEDB685FA760}</UniqueIdentifier>
    </Filter>
    <Filter Include="Render Cartridge\modules">
      <UniqueIdentifier>{F1D44375-373B-3233-AEC9-A117076488EE}</UniqueIdentifier>
    </Filter>
    <Filter Include="Source Files">
      <UniqueIdentifier>{CD867D9D-0724-3C59-A7FA-647D7D10961D}</UniqueIdentifier>
    </Filter>
  </ItemGroup>
</Project>
