<?xml version="1.0" encoding="utf-8"?>
<Project ToolsVersion="18.0" xmlns="http://schemas.microsoft.com/developer/msbuild/2003">
  <ItemGroup>
    <ClCompile Include="C:\dev\7t\src\incubator_dual.cpp">
      <Filter>Source Files</Filter>
    </ClCompile>
    <ClCompile Include="C:\dev\7t\src\external\stb_image.cpp">
      <Filter>Source Files</Filter>
    </ClCompile>
    <ClCompile Include="C:\dev\7t\src\external\RtMidi.cpp">
      <Filter>Source Files</Filter>
    </ClCompile>
  </ItemGroup>
  <ItemGroup>
    <ClInclude Include="C:\dev\7t\src\cartridges\the_board\bodies\agents.hpp">
      <Filter>Render Cartridge\bodies</Filter>
    </ClInclude>
    <ClInclude Include="C:\dev\7t\src\cartridges\the_board\bodies\cube_behaviors.hpp">
      <Filter>Render Cartridge\bodies</Filter>
    </ClInclude>
    <ClInclude Include="C:\dev\7t\src\cartridges\the_board\bodies\entities.hpp">
      <Filter>Render Cartridge\bodies</Filter>
    </ClInclude>
    <ClInclude Include="C:\dev\7t\src\cartridges\the_board\bodies\gallery.hpp">
      <Filter>Render Cartridge\bodies</Filter>
    </ClInclude>
    <ClInclude Include="C:\dev\7t\src\cartridges\the_board\bodies\gol_zones.hpp">
      <Filter>Render Cartridge\bodies</Filter>
    </ClInclude>
    <ClInclude Include="C:\dev\7t\src\cartridges\the_board\bodies\orbs.hpp">
      <Filter>Render Cartridge\bodies</Filter>
    </ClInclude>
    <ClInclude Include="C:\dev\7t\src\cartridges\the_board\bodies\pawn.hpp">
      <Filter>Render Cartridge\bodies</Filter>
    </ClInclude>
    <ClInclude Include="C:\dev\7t\src\cartridges\the_board\bodies\ribbon.hpp">
      <Filter>Render Cartridge\bodies</Filter>
    </ClInclude>
    <ClInclude Include="C:\dev\7t\src\cartridges\the_board\bodies\spheres.hpp">
      <Filter>Render Cartridge\bodies</Filter>
    </ClInclude>
    <ClInclude Include="C:\dev\7t\src\cartridges\the_board\cartridge.hpp">
      <Filter>Render Cartridge</Filter>
    </ClInclude>
    <ClInclude Include="C:\dev\7t\src\cartridges\the_board\contracts\demo_config.hpp">
      <Filter>Render Cartridge\contracts</Filter>
    </ClInclude>
    <ClInclude Include="C:\dev\7t\src\cartridges\the_board\contracts\entity_types.hpp">
      <Filter>Render Cartridge\contracts</Filter>
    </ClInclude>
    <ClInclude Include="C:\dev\7t\src\cartridges\the_board\contracts\floater_vocabulary.hpp">
      <Filter>Render Cartridge\contracts</Filter>
    </ClInclude>
    <ClInclude Include="C:\dev\7t\src\cartridges\the_board\contracts\ground_architecture.hpp">
      <Filter>Render Cartridge\contracts</Filter>
    </ClInclude>
    <ClInclude Include="C:\dev\7t\src\cartridges\the_board\contracts\keyhole.hpp">
      <Filter>Render Cartridge\contracts</Filter>
    </ClInclude>
    <ClInclude Include="C:\dev\7t\src\cartridges\the_board\contracts\mood_constants.hpp">
      <Filter>Render Cartridge\contracts</Filter>
    </ClInclude>
    <ClInclude Include="C:\dev\7t\src\cartridges\the_board\contracts\roster.hpp">
      <Filter>Render Cartridge\contracts</Filter>
    </ClInclude>
    <ClInclude Include="C:\dev\7t\src\cartridges\the_board\demos\demo.hpp">
      <Filter>Render Cartridge\demos</Filter>
    </ClInclude>
    <ClInclude Include="C:\dev\7t\src\cartridges\the_board\demos\full.hpp">
      <Filter>Render Cartridge\demos</Filter>
    </ClInclude>
    <ClInclude Include="C:\dev\7t\src\cartridges\the_board\demos\minimal.hpp">
      <Filter>Render Cartridge\demos</Filter>
    </ClInclude>
    <ClInclude Include="C:\dev\7t\src\cartridges\the_board\direction\input.hpp">
      <Filter>Render Cartridge\direction</Filter>
    </ClInclude>
    <ClInclude Include="C:\dev\7t\src\cartridges\the_board\direction\mood.hpp">
      <Filter>Render Cartridge\direction</Filter>
    </ClInclude>
    <ClInclude Include="C:\dev\7t\src\cartridges\the_board\machine\entity_pipeline.hpp">
      <Filter>Render Cartridge\machine</Filter>
    </ClInclude>
    <ClInclude Include="C:\dev\7t\src\cartridges\the_board\machine\spawn_engine.hpp">
      <Filter>Render Cartridge\machine</Filter>
    </ClInclude>
    <ClInclude Include="C:\dev\7t\src\cartridges\the_board\primitives\seed_utils.hpp">
      <Filter>Render Cartridge\primitives</Filter>
    </ClInclude>
    <ClInclude Include="C:\dev\7t\src\cartridges\the_board\realization\render_passes.hpp">
      <Filter>Render Cartridge\realization</Filter>
    </ClInclude>
    <ClInclude Include="C:\dev\7t\src\cartridges\the_board\realization\renderer.hpp">
      <Filter>Render Cartridge\realization</Filter>
    </ClInclude>
    <ClInclude Include="C:\dev\7t\src\cartridges\the_board\realization\state.hpp">
      <Filter>Render Cartridge\realization</Filter>
    </ClInclude>
    <ClInclude Include="C:\dev\7t\src\cartridges\the_board\surface\patch_system.hpp">
      <Filter>Render Cartridge\surface</Filter>
    </ClInclude>
    <ClInclude Include="C:\dev\7t\src\cartridges\the_board\surface\population_themes.hpp">
      <Filter>Render Cartridge\surface</Filter>
    </ClInclude>
    <ClInclude Include="C:\dev\7t\src\cartridges\the_board\surface\tile_world.hpp">
      <Filter>Render Cartridge\surface</Filter>
    </ClInclude>
    <ClInclude Include="C:\dev\7t\src\analysis\canvas_1\canvas.hpp">
      <Filter>Analysis Cartridge</Filter>
    </ClInclude>
  </ItemGroup>
  <ItemGroup>
    <CustomBuild Include="C:\dev\7t\CMakeLists.txt" />
  </ItemGroup>
  <ItemGroup>
    <Filter Include="Analysis Cartridge">
      <UniqueIdentifier>{E4F0E440-3129-387A-B622-EE034CE687C5}</UniqueIdentifier>
    </Filter>
    <Filter Include="Render Cartridge">
      <UniqueIdentifier>{F070694B-8BF9-33FF-B8BA-DEDB685FA760}</UniqueIdentifier>
    </Filter>
    <Filter Include="Render Cartridge\bodies">
      <UniqueIdentifier>{729E45AF-D74D-38E4-ACFC-651C49DDFD33}</UniqueIdentifier>
    </Filter>
    <Filter Include="Render Cartridge\contracts">
      <UniqueIdentifier>{CD6F82E5-6E92-319D-93B4-B6584D4A01CB}</UniqueIdentifier>
    </Filter>
    <Filter Include="Render Cartridge\demos">
      <UniqueIdentifier>{F5DCAD00-7D48-39EE-A12D-A187F3E0D6FD}</UniqueIdentifier>
    </Filter>
    <Filter Include="Render Cartridge\direction">
      <UniqueIdentifier>{51AD5C3B-E366-30F1-B863-6440AD869A3F}</UniqueIdentifier>
    </Filter>
    <Filter Include="Render Cartridge\machine">
      <UniqueIdentifier>{E2BDA2A1-2EBC-3229-8380-B0C9940A4375}</UniqueIdentifier>
    </Filter>
    <Filter Include="Render Cartridge\primitives">
      <UniqueIdentifier>{1408CDED-FA5F-3C90-B44D-4CC221240121}</UniqueIdentifier>
    </Filter>
    <Filter Include="Render Cartridge\realization">
      <UniqueIdentifier>{1AD4A9B7-D376-3298-81B7-B9113119DD89}</UniqueIdentifier>
    </Filter>
    <Filter Include="Render Cartridge\surface">
      <UniqueIdentifier>{3B54E6F5-7EB4-37D2-A8B9-4C43D171E12F}</UniqueIdentifier>
    </Filter>
    <Filter Include="Source Files">
      <UniqueIdentifier>{CD867D9D-0724-3C59-A7FA-647D7D10961D}</UniqueIdentifier>
    </Filter>
  </ItemGroup>
</Project>
